{
  "originHash" : "280d777bf6833fe65232580124152d1475243d41311723262a4a61e9f001b39d",
  "pins" : [
    {
      "identity" : "purchases-ios-spm",
      "kind" : "remoteSourceControl",
      "location" : "https://github.com/RevenueCat/purchases-ios-spm",
      "state" : {
        "branch" : "main",
        "revision" : "dbcfe0ceb55879c98d7069c2c788af90b76b27d7"
      }
    },
    {
      "identity" : "swift-log",
      "kind" : "remoteSourceControl",
      "location" : "https://github.com/apple/swift-log.git",
      "state" : {
        "revision" : "9cb486020ebf03bfa5b5df985387a14a98744537",
        "version" : "1.6.1"
      }
    },
    {
      "identity" : "swift-log-file",
      "kind" : "remoteSourceControl",
      "location" : "https://github.com/crspybits/swift-log-file",
      "state" : {
        "branch" : "main",
        "revision" : "0708d0d50934c55dfa046562fe2f15c318784265"
      }
    },
    {
      "identity" : "xcglogger",
      "kind" : "remoteSourceControl",
      "location" : "https://github.com/DaveWoodCom/XCGLogger.git",
      "state" : {
        "revision" : "4def3c1c772ca90ad5e7bfc8ac437c3b0b4276cf",
        "version" : "7.1.5"
      }
    }
  ],
  "version" : 3
}
