// !$*UTF8*$!
{
	archiveVersion = 1;
	classes = {
	};
	objectVersion = 77;
	objects = {

/* Begin PBXBuildFile section */
		0F44D2F42D201B5E00698999 /* SubscriptionDomain in Frameworks */ = {isa = PBXBuildFile; productRef = 0F44D2F32D201B5E00698999 /* SubscriptionDomain */; };
		0F44D2F62D201B5E00698999 /* SubscriptionFeature in Frameworks */ = {isa = PBXBuildFile; productRef = 0F44D2F52D201B5E00698999 /* SubscriptionFeature */; };
		0F44D2F92D201B8100698999 /* SoundEffectFeature in Frameworks */ = {isa = PBXBuildFile; productRef = 0F44D2F82D201B8100698999 /* SoundEffectFeature */; };
		0F44D2FC2D201B8B00698999 /* SharedUI in Frameworks */ = {isa = PBXBuildFile; productRef = 0F44D2FB2D201B8B00698999 /* SharedUI */; };
		0F44D2FF2D201B9F00698999 /* REST in Frameworks */ = {isa = PBXBuildFile; productRef = 0F44D2FE2D201B9F00698999 /* REST */; };
		0F44D3022D201BA900698999 /* Logger in Frameworks */ = {isa = PBXBuildFile; productRef = 0F44D3012D201BA900698999 /* Logger */; };
		0F44D3052D201BB100698999 /* Fundamentals in Frameworks */ = {isa = PBXBuildFile; productRef = 0F44D3042D201BB100698999 /* Fundamentals */; };
		0F44D3082D201BC100698999 /* HapticFeedbackFeature in Frameworks */ = {isa = PBXBuildFile; productRef = 0F44D3072D201BC100698999 /* HapticFeedbackFeature */; };
		0F44D30B2D201BDA00698999 /* Permission in Frameworks */ = {isa = PBXBuildFile; productRef = 0F44D30A2D201BDA00698999 /* Permission */; };
		0F44D30E2D201C3400698999 /* AnalyticsDomain in Frameworks */ = {isa = PBXBuildFile; productRef = 0F44D30D2D201C3400698999 /* AnalyticsDomain */; };
		0F44D3102D201C3400698999 /* AnalyticsFeature in Frameworks */ = {isa = PBXBuildFile; productRef = 0F44D30F2D201C3400698999 /* AnalyticsFeature */; };
		0F5C6FBC2D201CC1002EF106 /* AnalyticsDomain in Frameworks */ = {isa = PBXBuildFile; productRef = 0F5C6FBB2D201CC1002EF106 /* AnalyticsDomain */; };
		0F5C6FBE2D201CC1002EF106 /* AnalyticsFeature in Frameworks */ = {isa = PBXBuildFile; productRef = 0F5C6FBD2D201CC1002EF106 /* AnalyticsFeature */; };
		0F5C6FC12D201CC9002EF106 /* SubscriptionDomain in Frameworks */ = {isa = PBXBuildFile; productRef = 0F5C6FC02D201CC9002EF106 /* SubscriptionDomain */; };
		0F5C6FC32D201CC9002EF106 /* SubscriptionFeature in Frameworks */ = {isa = PBXBuildFile; productRef = 0F5C6FC22D201CC9002EF106 /* SubscriptionFeature */; };
		0F5C6FC62D201CD7002EF106 /* SoundEffectFeature in Frameworks */ = {isa = PBXBuildFile; productRef = 0F5C6FC52D201CD7002EF106 /* SoundEffectFeature */; };
		0F5C6FC92D201CE0002EF106 /* SharedUI in Frameworks */ = {isa = PBXBuildFile; productRef = 0F5C6FC82D201CE0002EF106 /* SharedUI */; };
		0F5C6FCC2D201CE9002EF106 /* REST in Frameworks */ = {isa = PBXBuildFile; productRef = 0F5C6FCB2D201CE9002EF106 /* REST */; };
		0F5C6FCF2D201CF3002EF106 /* Permission in Frameworks */ = {isa = PBXBuildFile; productRef = 0F5C6FCE2D201CF3002EF106 /* Permission */; };
		0F5C6FD22D201CFB002EF106 /* HapticFeedbackFeature in Frameworks */ = {isa = PBXBuildFile; productRef = 0F5C6FD12D201CFB002EF106 /* HapticFeedbackFeature */; };
		0F5C6FD52D201D03002EF106 /* Fundamentals in Frameworks */ = {isa = PBXBuildFile; productRef = 0F5C6FD42D201D03002EF106 /* Fundamentals */; };
		0F5C6FD82D201D0C002EF106 /* Logger in Frameworks */ = {isa = PBXBuildFile; productRef = 0F5C6FD72D201D0C002EF106 /* Logger */; };
		0F5C70542D2021BE002EF106 /* UINavigation in Frameworks */ = {isa = PBXBuildFile; productRef = 0F5C70532D2021BE002EF106 /* UINavigation */; };
		0F5C705D2D202764002EF106 /* EraGuessShared in Frameworks */ = {isa = PBXBuildFile; productRef = 0F5C705C2D202764002EF106 /* EraGuessShared */; };
		0F5C70912D2067DC002EF106 /* OnboardingUI in Frameworks */ = {isa = PBXBuildFile; productRef = 0F5C70902D2067DC002EF106 /* OnboardingUI */; };
		0F5C70952D2068BD002EF106 /* Models in Frameworks */ = {isa = PBXBuildFile; productRef = 0F5C70942D2068BD002EF106 /* Models */; };
		0F5C70BF2D2076A0002EF106 /* StateFeature in Frameworks */ = {isa = PBXBuildFile; productRef = 0F5C70BE2D2076A0002EF106 /* StateFeature */; };
		0F7FCB5E2D20A02500D07E8D /* HomeUI in Frameworks */ = {isa = PBXBuildFile; productRef = 0F7FCB5D2D20A02500D07E8D /* HomeUI */; };
/* End PBXBuildFile section */

/* Begin PBXFileReference section */
		0F44D2BC2D200CC700698999 /* EraGuess.app */ = {isa = PBXFileReference; explicitFileType = wrapper.application; includeInIndex = 0; path = EraGuess.app; sourceTree = BUILT_PRODUCTS_DIR; };
/* End PBXFileReference section */

/* Begin PBXFileSystemSynchronizedBuildFileExceptionSet section */
		0F5C70652D2032A7002EF106 /* Exceptions for "EraGuess" folder in "EraGuess" target */ = {
			isa = PBXFileSystemSynchronizedBuildFileExceptionSet;
			membershipExceptions = (
				Info.plist,
			);
			target = 0F44D2BB2D200CC700698999 /* EraGuess */;
		};
/* End PBXFileSystemSynchronizedBuildFileExceptionSet section */

/* Begin PBXFileSystemSynchronizedRootGroup section */
		0F44D2BE2D200CC700698999 /* EraGuess */ = {
			isa = PBXFileSystemSynchronizedRootGroup;
			exceptions = (
				0F5C70652D2032A7002EF106 /* Exceptions for "EraGuess" folder in "EraGuess" target */,
			);
			path = EraGuess;
			sourceTree = "<group>";
		};
		0F5C70292D201FC7002EF106 /* Packages */ = {
			isa = PBXFileSystemSynchronizedRootGroup;
			path = Packages;
			sourceTree = "<group>";
		};
/* End PBXFileSystemSynchronizedRootGroup section */

/* Begin PBXFrameworksBuildPhase section */
		0F44D2B92D200CC700698999 /* Frameworks */ = {
			isa = PBXFrameworksBuildPhase;
			buildActionMask = 2147483647;
			files = (
				0F5C70BF2D2076A0002EF106 /* StateFeature in Frameworks */,
				0F5C6FCC2D201CE9002EF106 /* REST in Frameworks */,
				0F5C6FD52D201D03002EF106 /* Fundamentals in Frameworks */,
				0F44D3022D201BA900698999 /* Logger in Frameworks */,
				0F5C70912D2067DC002EF106 /* OnboardingUI in Frameworks */,
				0F5C6FC12D201CC9002EF106 /* SubscriptionDomain in Frameworks */,
				0F5C6FD82D201D0C002EF106 /* Logger in Frameworks */,
				0F5C6FD22D201CFB002EF106 /* HapticFeedbackFeature in Frameworks */,
				0F44D3052D201BB100698999 /* Fundamentals in Frameworks */,
				0F44D2F62D201B5E00698999 /* SubscriptionFeature in Frameworks */,
				0F5C6FC62D201CD7002EF106 /* SoundEffectFeature in Frameworks */,
				0F5C6FBE2D201CC1002EF106 /* AnalyticsFeature in Frameworks */,
				0F5C6FCF2D201CF3002EF106 /* Permission in Frameworks */,
				0F5C70952D2068BD002EF106 /* Models in Frameworks */,
				0F44D30B2D201BDA00698999 /* Permission in Frameworks */,
				0F5C705D2D202764002EF106 /* EraGuessShared in Frameworks */,
				0F44D2FC2D201B8B00698999 /* SharedUI in Frameworks */,
				0F44D30E2D201C3400698999 /* AnalyticsDomain in Frameworks */,
				0F44D3102D201C3400698999 /* AnalyticsFeature in Frameworks */,
				0F44D2F42D201B5E00698999 /* SubscriptionDomain in Frameworks */,
				0F44D2F92D201B8100698999 /* SoundEffectFeature in Frameworks */,
				0F7FCB5E2D20A02500D07E8D /* HomeUI in Frameworks */,
				0F5C70542D2021BE002EF106 /* UINavigation in Frameworks */,
				0F44D2FF2D201B9F00698999 /* REST in Frameworks */,
				0F5C6FC32D201CC9002EF106 /* SubscriptionFeature in Frameworks */,
				0F5C6FC92D201CE0002EF106 /* SharedUI in Frameworks */,
				0F44D3082D201BC100698999 /* HapticFeedbackFeature in Frameworks */,
				0F5C6FBC2D201CC1002EF106 /* AnalyticsDomain in Frameworks */,
			);
			runOnlyForDeploymentPostprocessing = 0;
		};
/* End PBXFrameworksBuildPhase section */

/* Begin PBXGroup section */
		0F44D2B32D200CC700698999 = {
			isa = PBXGroup;
			children = (
				0F44D2BE2D200CC700698999 /* EraGuess */,
				0F44D2BD2D200CC700698999 /* Products */,
				0F5C70292D201FC7002EF106 /* Packages */,
			);
			sourceTree = "<group>";
		};
		0F44D2BD2D200CC700698999 /* Products */ = {
			isa = PBXGroup;
			children = (
				0F44D2BC2D200CC700698999 /* EraGuess.app */,
			);
			name = Products;
			sourceTree = "<group>";
		};
/* End PBXGroup section */

/* Begin PBXNativeTarget section */
		0F44D2BB2D200CC700698999 /* EraGuess */ = {
			isa = PBXNativeTarget;
			buildConfigurationList = 0F44D2CB2D200CCA00698999 /* Build configuration list for PBXNativeTarget "EraGuess" */;
			buildPhases = (
				0F44D2B82D200CC700698999 /* Sources */,
				0F44D2B92D200CC700698999 /* Frameworks */,
				0F44D2BA2D200CC700698999 /* Resources */,
			);
			buildRules = (
			);
			dependencies = (
			);
			fileSystemSynchronizedGroups = (
				0F44D2BE2D200CC700698999 /* EraGuess */,
			);
			name = EraGuess;
			packageProductDependencies = (
				0F44D2F32D201B5E00698999 /* SubscriptionDomain */,
				0F44D2F52D201B5E00698999 /* SubscriptionFeature */,
				0F44D2F82D201B8100698999 /* SoundEffectFeature */,
				0F44D2FB2D201B8B00698999 /* SharedUI */,
				0F44D2FE2D201B9F00698999 /* REST */,
				0F44D3012D201BA900698999 /* Logger */,
				0F44D3042D201BB100698999 /* Fundamentals */,
				0F44D3072D201BC100698999 /* HapticFeedbackFeature */,
				0F44D30A2D201BDA00698999 /* Permission */,
				0F44D30D2D201C3400698999 /* AnalyticsDomain */,
				0F44D30F2D201C3400698999 /* AnalyticsFeature */,
				0F5C6FBB2D201CC1002EF106 /* AnalyticsDomain */,
				0F5C6FBD2D201CC1002EF106 /* AnalyticsFeature */,
				0F5C6FC02D201CC9002EF106 /* SubscriptionDomain */,
				0F5C6FC22D201CC9002EF106 /* SubscriptionFeature */,
				0F5C6FC52D201CD7002EF106 /* SoundEffectFeature */,
				0F5C6FC82D201CE0002EF106 /* SharedUI */,
				0F5C6FCB2D201CE9002EF106 /* REST */,
				0F5C6FCE2D201CF3002EF106 /* Permission */,
				0F5C6FD12D201CFB002EF106 /* HapticFeedbackFeature */,
				0F5C6FD42D201D03002EF106 /* Fundamentals */,
				0F5C6FD72D201D0C002EF106 /* Logger */,
				0F5C70532D2021BE002EF106 /* UINavigation */,
				0F5C705C2D202764002EF106 /* EraGuessShared */,
				0F5C70902D2067DC002EF106 /* OnboardingUI */,
				0F5C70942D2068BD002EF106 /* Models */,
				0F5C70BE2D2076A0002EF106 /* StateFeature */,
				0F7FCB5D2D20A02500D07E8D /* HomeUI */,
			);
			productName = EraGuess;
			productReference = 0F44D2BC2D200CC700698999 /* EraGuess.app */;
			productType = "com.apple.product-type.application";
		};
/* End PBXNativeTarget section */

/* Begin PBXProject section */
		0F44D2B42D200CC700698999 /* Project object */ = {
			isa = PBXProject;
			attributes = {
				BuildIndependentTargetsInParallel = 1;
				LastSwiftUpdateCheck = 1600;
				LastUpgradeCheck = 1600;
				TargetAttributes = {
					0F44D2BB2D200CC700698999 = {
						CreatedOnToolsVersion = 16.0;
					};
				};
			};
			buildConfigurationList = 0F44D2B72D200CC700698999 /* Build configuration list for PBXProject "EraGuess" */;
			developmentRegion = en;
			hasScannedForEncodings = 0;
			knownRegions = (
				en,
				Base,
				de,
			);
			mainGroup = 0F44D2B32D200CC700698999;
			minimizedProjectReferenceProxies = 1;
			packageReferences = (
				0F5C6FBA2D201CC1002EF106 /* XCLocalSwiftPackageReference "Packages/AnalyticsFeature" */,
				0F5C6FBF2D201CC9002EF106 /* XCLocalSwiftPackageReference "Packages/SubscriptionFeature" */,
				0F5C6FC42D201CD7002EF106 /* XCLocalSwiftPackageReference "Packages/SoundEffectFeature" */,
				0F5C6FC72D201CE0002EF106 /* XCLocalSwiftPackageReference "Packages/SharedUI" */,
				0F5C6FCA2D201CE9002EF106 /* XCLocalSwiftPackageReference "Packages/REST" */,
				0F5C6FCD2D201CF3002EF106 /* XCLocalSwiftPackageReference "Packages/Permission" */,
				0F5C6FD02D201CFB002EF106 /* XCLocalSwiftPackageReference "Packages/HapticFeedbackFeature" */,
				0F5C6FD32D201D03002EF106 /* XCLocalSwiftPackageReference "Packages/Fundamentals" */,
				0F5C6FD62D201D0C002EF106 /* XCLocalSwiftPackageReference "Packages/Logger" */,
				0F5C70522D2021BE002EF106 /* XCLocalSwiftPackageReference "Packages/UINavigation" */,
				0F5C705B2D202764002EF106 /* XCLocalSwiftPackageReference "Packages/EraGuessShared" */,
				0F5C708F2D2067DC002EF106 /* XCLocalSwiftPackageReference "Packages/OnboardingUI" */,
				0F5C70932D2068BD002EF106 /* XCLocalSwiftPackageReference "Packages/Models" */,
				0F5C70BD2D2076A0002EF106 /* XCLocalSwiftPackageReference "Packages/StateFeature" */,
				0F7FCB5C2D20A02500D07E8D /* XCLocalSwiftPackageReference "Packages/HomeUI" */,
			);
			preferredProjectObjectVersion = 77;
			productRefGroup = 0F44D2BD2D200CC700698999 /* Products */;
			projectDirPath = "";
			projectRoot = "";
			targets = (
				0F44D2BB2D200CC700698999 /* EraGuess */,
			);
		};
/* End PBXProject section */

/* Begin PBXResourcesBuildPhase section */
		0F44D2BA2D200CC700698999 /* Resources */ = {
			isa = PBXResourcesBuildPhase;
			buildActionMask = 2147483647;
			files = (
			);
			runOnlyForDeploymentPostprocessing = 0;
		};
/* End PBXResourcesBuildPhase section */

/* Begin PBXSourcesBuildPhase section */
		0F44D2B82D200CC700698999 /* Sources */ = {
			isa = PBXSourcesBuildPhase;
			buildActionMask = 2147483647;
			files = (
			);
			runOnlyForDeploymentPostprocessing = 0;
		};
/* End PBXSourcesBuildPhase section */

/* Begin XCBuildConfiguration section */
		0F44D2C92D200CCA00698999 /* Debug */ = {
			isa = XCBuildConfiguration;
			baseConfigurationReferenceAnchor = 0F44D2BE2D200CC700698999 /* EraGuess */;
			baseConfigurationReferenceRelativePath = Config.xcconfig;
			buildSettings = {
				ALWAYS_SEARCH_USER_PATHS = NO;
				ASSETCATALOG_COMPILER_GENERATE_SWIFT_ASSET_SYMBOL_EXTENSIONS = YES;
				CLANG_ANALYZER_NONNULL = YES;
				CLANG_ANALYZER_NUMBER_OBJECT_CONVERSION = YES_AGGRESSIVE;
				CLANG_CXX_LANGUAGE_STANDARD = "gnu++20";
				CLANG_ENABLE_MODULES = YES;
				CLANG_ENABLE_OBJC_ARC = YES;
				CLANG_ENABLE_OBJC_WEAK = YES;
				CLANG_WARN_BLOCK_CAPTURE_AUTORELEASING = YES;
				CLANG_WARN_BOOL_CONVERSION = YES;
				CLANG_WARN_COMMA = YES;
				CLANG_WARN_CONSTANT_CONVERSION = YES;
				CLANG_WARN_DEPRECATED_OBJC_IMPLEMENTATIONS = YES;
				CLANG_WARN_DIRECT_OBJC_ISA_USAGE = YES_ERROR;
				CLANG_WARN_DOCUMENTATION_COMMENTS = YES;
				CLANG_WARN_EMPTY_BODY = YES;
				CLANG_WARN_ENUM_CONVERSION = YES;
				CLANG_WARN_INFINITE_RECURSION = YES;
				CLANG_WARN_INT_CONVERSION = YES;
				CLANG_WARN_NON_LITERAL_NULL_CONVERSION = YES;
				CLANG_WARN_OBJC_IMPLICIT_RETAIN_SELF = YES;
				CLANG_WARN_OBJC_LITERAL_CONVERSION = YES;
				CLANG_WARN_OBJC_ROOT_CLASS = YES_ERROR;
				CLANG_WARN_QUOTED_INCLUDE_IN_FRAMEWORK_HEADER = YES;
				CLANG_WARN_RANGE_LOOP_ANALYSIS = YES;
				CLANG_WARN_STRICT_PROTOTYPES = YES;
				CLANG_WARN_SUSPICIOUS_MOVE = YES;
				CLANG_WARN_UNGUARDED_AVAILABILITY = YES_AGGRESSIVE;
				CLANG_WARN_UNREACHABLE_CODE = YES;
				CLANG_WARN__DUPLICATE_METHOD_MATCH = YES;
				COPY_PHASE_STRIP = NO;
				DEBUG_INFORMATION_FORMAT = dwarf;
				ENABLE_STRICT_OBJC_MSGSEND = YES;
				ENABLE_TESTABILITY = YES;
				ENABLE_USER_SCRIPT_SANDBOXING = YES;
				GCC_C_LANGUAGE_STANDARD = gnu17;
				GCC_DYNAMIC_NO_PIC = NO;
				GCC_NO_COMMON_BLOCKS = YES;
				GCC_OPTIMIZATION_LEVEL = 0;
				GCC_PREPROCESSOR_DEFINITIONS = (
					"DEBUG=1",
					"$(inherited)",
				);
				GCC_WARN_64_TO_32_BIT_CONVERSION = YES;
				GCC_WARN_ABOUT_RETURN_TYPE = YES_ERROR;
				GCC_WARN_UNDECLARED_SELECTOR = YES;
				GCC_WARN_UNINITIALIZED_AUTOS = YES_AGGRESSIVE;
				GCC_WARN_UNUSED_FUNCTION = YES;
				GCC_WARN_UNUSED_VARIABLE = YES;
				INFOPLIST_KEY_CFBundleDisplayName = "";
				LOCALIZATION_PREFERS_STRING_CATALOGS = YES;
				MTL_ENABLE_DEBUG_INFO = INCLUDE_SOURCE;
				MTL_FAST_MATH = YES;
				ONLY_ACTIVE_ARCH = YES;
				SWIFT_ACTIVE_COMPILATION_CONDITIONS = "DEBUG $(inherited)";
				SWIFT_EMIT_LOC_STRINGS = YES;
				SWIFT_OPTIMIZATION_LEVEL = "-Onone";
				SWIFT_VERSION = 6.0;
			};
			name = Debug;
		};
		0F44D2CA2D200CCA00698999 /* Release */ = {
			isa = XCBuildConfiguration;
			baseConfigurationReferenceAnchor = 0F44D2BE2D200CC700698999 /* EraGuess */;
			baseConfigurationReferenceRelativePath = Config.xcconfig;
			buildSettings = {
				ALWAYS_SEARCH_USER_PATHS = NO;
				ASSETCATALOG_COMPILER_GENERATE_SWIFT_ASSET_SYMBOL_EXTENSIONS = YES;
				CLANG_ANALYZER_NONNULL = YES;
				CLANG_ANALYZER_NUMBER_OBJECT_CONVERSION = YES_AGGRESSIVE;
				CLANG_CXX_LANGUAGE_STANDARD = "gnu++20";
				CLANG_ENABLE_MODULES = YES;
				CLANG_ENABLE_OBJC_ARC = YES;
				CLANG_ENABLE_OBJC_WEAK = YES;
				CLANG_WARN_BLOCK_CAPTURE_AUTORELEASING = YES;
				CLANG_WARN_BOOL_CONVERSION = YES;
				CLANG_WARN_COMMA = YES;
				CLANG_WARN_CONSTANT_CONVERSION = YES;
				CLANG_WARN_DEPRECATED_OBJC_IMPLEMENTATIONS = YES;
				CLANG_WARN_DIRECT_OBJC_ISA_USAGE = YES_ERROR;
				CLANG_WARN_DOCUMENTATION_COMMENTS = YES;
				CLANG_WARN_EMPTY_BODY = YES;
				CLANG_WARN_ENUM_CONVERSION = YES;
				CLANG_WARN_INFINITE_RECURSION = YES;
				CLANG_WARN_INT_CONVERSION = YES;
				CLANG_WARN_NON_LITERAL_NULL_CONVERSION = YES;
				CLANG_WARN_OBJC_IMPLICIT_RETAIN_SELF = YES;
				CLANG_WARN_OBJC_LITERAL_CONVERSION = YES;
				CLANG_WARN_OBJC_ROOT_CLASS = YES_ERROR;
				CLANG_WARN_QUOTED_INCLUDE_IN_FRAMEWORK_HEADER = YES;
				CLANG_WARN_RANGE_LOOP_ANALYSIS = YES;
				CLANG_WARN_STRICT_PROTOTYPES = YES;
				CLANG_WARN_SUSPICIOUS_MOVE = YES;
				CLANG_WARN_UNGUARDED_AVAILABILITY = YES_AGGRESSIVE;
				CLANG_WARN_UNREACHABLE_CODE = YES;
				CLANG_WARN__DUPLICATE_METHOD_MATCH = YES;
				COPY_PHASE_STRIP = NO;
				DEBUG_INFORMATION_FORMAT = "dwarf-with-dsym";
				ENABLE_NS_ASSERTIONS = NO;
				ENABLE_STRICT_OBJC_MSGSEND = YES;
				ENABLE_USER_SCRIPT_SANDBOXING = YES;
				GCC_C_LANGUAGE_STANDARD = gnu17;
				GCC_NO_COMMON_BLOCKS = YES;
				GCC_WARN_64_TO_32_BIT_CONVERSION = YES;
				GCC_WARN_ABOUT_RETURN_TYPE = YES_ERROR;
				GCC_WARN_UNDECLARED_SELECTOR = YES;
				GCC_WARN_UNINITIALIZED_AUTOS = YES_AGGRESSIVE;
				GCC_WARN_UNUSED_FUNCTION = YES;
				GCC_WARN_UNUSED_VARIABLE = YES;
				INFOPLIST_KEY_CFBundleDisplayName = "";
				LOCALIZATION_PREFERS_STRING_CATALOGS = YES;
				MTL_ENABLE_DEBUG_INFO = NO;
				MTL_FAST_MATH = YES;
				SWIFT_COMPILATION_MODE = wholemodule;
				SWIFT_EMIT_LOC_STRINGS = YES;
				SWIFT_VERSION = 6.0;
			};
			name = Release;
		};
		0F44D2CC2D200CCA00698999 /* Debug */ = {
			isa = XCBuildConfiguration;
			buildSettings = {
				ASSETCATALOG_COMPILER_APPICON_NAME = AppIcon;
				ASSETCATALOG_COMPILER_GLOBAL_ACCENT_COLOR_NAME = AccentColor;
				CODE_SIGN_ENTITLEMENTS = EraGuess/EraGuess.entitlements;
				CODE_SIGN_STYLE = Automatic;
				CURRENT_PROJECT_VERSION = 1;
				DEVELOPMENT_ASSET_PATHS = "\"EraGuess/Preview Content\"";
				DEVELOPMENT_TEAM = 27QQ4H5V76;
				ENABLE_HARDENED_RUNTIME = YES;
				ENABLE_PREVIEWS = YES;
				GENERATE_INFOPLIST_FILE = YES;
				INFOPLIST_FILE = EraGuess/Info.plist;
				INFOPLIST_KEY_CFBundleDisplayName = "";
				"INFOPLIST_KEY_UIApplicationSceneManifest_Generation[sdk=iphoneos*]" = YES;
				"INFOPLIST_KEY_UIApplicationSceneManifest_Generation[sdk=iphonesimulator*]" = YES;
				"INFOPLIST_KEY_UIApplicationSupportsIndirectInputEvents[sdk=iphoneos*]" = YES;
				"INFOPLIST_KEY_UIApplicationSupportsIndirectInputEvents[sdk=iphonesimulator*]" = YES;
				"INFOPLIST_KEY_UILaunchScreen_Generation[sdk=iphoneos*]" = YES;
				"INFOPLIST_KEY_UILaunchScreen_Generation[sdk=iphonesimulator*]" = YES;
				"INFOPLIST_KEY_UIStatusBarStyle[sdk=iphoneos*]" = UIStatusBarStyleDefault;
				"INFOPLIST_KEY_UIStatusBarStyle[sdk=iphonesimulator*]" = UIStatusBarStyleDefault;
				INFOPLIST_KEY_UISupportedInterfaceOrientations_iPad = "UIInterfaceOrientationPortrait UIInterfaceOrientationPortraitUpsideDown UIInterfaceOrientationLandscapeLeft UIInterfaceOrientationLandscapeRight";
				INFOPLIST_KEY_UISupportedInterfaceOrientations_iPhone = "UIInterfaceOrientationPortrait UIInterfaceOrientationLandscapeLeft UIInterfaceOrientationLandscapeRight";
				IPHONEOS_DEPLOYMENT_TARGET = 18.0;
				LD_RUNPATH_SEARCH_PATHS = "@executable_path/Frameworks";
				"LD_RUNPATH_SEARCH_PATHS[sdk=macosx*]" = "@executable_path/../Frameworks";
				MACOSX_DEPLOYMENT_TARGET = 14.6;
				MARKETING_VERSION = 1.0;
				PRODUCT_BUNDLE_IDENTIFIER = dev.lucaa.EraGuess;
				PRODUCT_NAME = "$(TARGET_NAME)";
				SDKROOT = auto;
				SUPPORTED_PLATFORMS = "iphoneos iphonesimulator";
				SUPPORTS_MACCATALYST = NO;
				SWIFT_EMIT_LOC_STRINGS = YES;
				SWIFT_VERSION = 5.0;
				TARGETED_DEVICE_FAMILY = "1,2";
				XROS_DEPLOYMENT_TARGET = 2.0;
			};
			name = Debug;
		};
		0F44D2CD2D200CCA00698999 /* Release */ = {
			isa = XCBuildConfiguration;
			buildSettings = {
				ASSETCATALOG_COMPILER_APPICON_NAME = AppIcon;
				ASSETCATALOG_COMPILER_GLOBAL_ACCENT_COLOR_NAME = AccentColor;
				CODE_SIGN_ENTITLEMENTS = EraGuess/EraGuess.entitlements;
				CODE_SIGN_STYLE = Automatic;
				CURRENT_PROJECT_VERSION = 1;
				DEVELOPMENT_ASSET_PATHS = "\"EraGuess/Preview Content\"";
				DEVELOPMENT_TEAM = 27QQ4H5V76;
				ENABLE_HARDENED_RUNTIME = YES;
				ENABLE_PREVIEWS = YES;
				GENERATE_INFOPLIST_FILE = YES;
				INFOPLIST_FILE = EraGuess/Info.plist;
				INFOPLIST_KEY_CFBundleDisplayName = "";
				"INFOPLIST_KEY_UIApplicationSceneManifest_Generation[sdk=iphoneos*]" = YES;
				"INFOPLIST_KEY_UIApplicationSceneManifest_Generation[sdk=iphonesimulator*]" = YES;
				"INFOPLIST_KEY_UIApplicationSupportsIndirectInputEvents[sdk=iphoneos*]" = YES;
				"INFOPLIST_KEY_UIApplicationSupportsIndirectInputEvents[sdk=iphonesimulator*]" = YES;
				"INFOPLIST_KEY_UILaunchScreen_Generation[sdk=iphoneos*]" = YES;
				"INFOPLIST_KEY_UILaunchScreen_Generation[sdk=iphonesimulator*]" = YES;
				"INFOPLIST_KEY_UIStatusBarStyle[sdk=iphoneos*]" = UIStatusBarStyleDefault;
				"INFOPLIST_KEY_UIStatusBarStyle[sdk=iphonesimulator*]" = UIStatusBarStyleDefault;
				INFOPLIST_KEY_UISupportedInterfaceOrientations_iPad = "UIInterfaceOrientationPortrait UIInterfaceOrientationPortraitUpsideDown UIInterfaceOrientationLandscapeLeft UIInterfaceOrientationLandscapeRight";
				INFOPLIST_KEY_UISupportedInterfaceOrientations_iPhone = "UIInterfaceOrientationPortrait UIInterfaceOrientationLandscapeLeft UIInterfaceOrientationLandscapeRight";
				IPHONEOS_DEPLOYMENT_TARGET = 18.0;
				LD_RUNPATH_SEARCH_PATHS = "@executable_path/Frameworks";
				"LD_RUNPATH_SEARCH_PATHS[sdk=macosx*]" = "@executable_path/../Frameworks";
				MACOSX_DEPLOYMENT_TARGET = 14.6;
				MARKETING_VERSION = 1.0;
				PRODUCT_BUNDLE_IDENTIFIER = dev.lucaa.EraGuess;
				PRODUCT_NAME = "$(TARGET_NAME)";
				SDKROOT = auto;
				SUPPORTED_PLATFORMS = "iphoneos iphonesimulator";
				SUPPORTS_MACCATALYST = NO;
				SWIFT_EMIT_LOC_STRINGS = YES;
				SWIFT_VERSION = 5.0;
				TARGETED_DEVICE_FAMILY = "1,2";
				XROS_DEPLOYMENT_TARGET = 2.0;
			};
			name = Release;
		};
/* End XCBuildConfiguration section */

/* Begin XCConfigurationList section */
		0F44D2B72D200CC700698999 /* Build configuration list for PBXProject "EraGuess" */ = {
			isa = XCConfigurationList;
			buildConfigurations = (
				0F44D2C92D200CCA00698999 /* Debug */,
				0F44D2CA2D200CCA00698999 /* Release */,
			);
			defaultConfigurationIsVisible = 0;
			defaultConfigurationName = Release;
		};
		0F44D2CB2D200CCA00698999 /* Build configuration list for PBXNativeTarget "EraGuess" */ = {
			isa = XCConfigurationList;
			buildConfigurations = (
				0F44D2CC2D200CCA00698999 /* Debug */,
				0F44D2CD2D200CCA00698999 /* Release */,
			);
			defaultConfigurationIsVisible = 0;
			defaultConfigurationName = Release;
		};
/* End XCConfigurationList section */

/* Begin XCLocalSwiftPackageReference section */
		0F5C6FBA2D201CC1002EF106 /* XCLocalSwiftPackageReference "Packages/AnalyticsFeature" */ = {
			isa = XCLocalSwiftPackageReference;
			relativePath = Packages/AnalyticsFeature;
		};
		0F5C6FBF2D201CC9002EF106 /* XCLocalSwiftPackageReference "Packages/SubscriptionFeature" */ = {
			isa = XCLocalSwiftPackageReference;
			relativePath = Packages/SubscriptionFeature;
		};
		0F5C6FC42D201CD7002EF106 /* XCLocalSwiftPackageReference "Packages/SoundEffectFeature" */ = {
			isa = XCLocalSwiftPackageReference;
			relativePath = Packages/SoundEffectFeature;
		};
		0F5C6FC72D201CE0002EF106 /* XCLocalSwiftPackageReference "Packages/SharedUI" */ = {
			isa = XCLocalSwiftPackageReference;
			relativePath = Packages/SharedUI;
		};
		0F5C6FCA2D201CE9002EF106 /* XCLocalSwiftPackageReference "Packages/REST" */ = {
			isa = XCLocalSwiftPackageReference;
			relativePath = Packages/REST;
		};
		0F5C6FCD2D201CF3002EF106 /* XCLocalSwiftPackageReference "Packages/Permission" */ = {
			isa = XCLocalSwiftPackageReference;
			relativePath = Packages/Permission;
		};
		0F5C6FD02D201CFB002EF106 /* XCLocalSwiftPackageReference "Packages/HapticFeedbackFeature" */ = {
			isa = XCLocalSwiftPackageReference;
			relativePath = Packages/HapticFeedbackFeature;
		};
		0F5C6FD32D201D03002EF106 /* XCLocalSwiftPackageReference "Packages/Fundamentals" */ = {
			isa = XCLocalSwiftPackageReference;
			relativePath = Packages/Fundamentals;
		};
		0F5C6FD62D201D0C002EF106 /* XCLocalSwiftPackageReference "Packages/Logger" */ = {
			isa = XCLocalSwiftPackageReference;
			relativePath = Packages/Logger;
		};
		0F5C70522D2021BE002EF106 /* XCLocalSwiftPackageReference "Packages/UINavigation" */ = {
			isa = XCLocalSwiftPackageReference;
			relativePath = Packages/UINavigation;
		};
		0F5C705B2D202764002EF106 /* XCLocalSwiftPackageReference "Packages/EraGuessShared" */ = {
			isa = XCLocalSwiftPackageReference;
			relativePath = Packages/EraGuessShared;
		};
		0F5C708F2D2067DC002EF106 /* XCLocalSwiftPackageReference "Packages/OnboardingUI" */ = {
			isa = XCLocalSwiftPackageReference;
			relativePath = Packages/OnboardingUI;
		};
		0F5C70932D2068BD002EF106 /* XCLocalSwiftPackageReference "Packages/Models" */ = {
			isa = XCLocalSwiftPackageReference;
			relativePath = Packages/Models;
		};
		0F5C70BD2D2076A0002EF106 /* XCLocalSwiftPackageReference "Packages/StateFeature" */ = {
			isa = XCLocalSwiftPackageReference;
			relativePath = Packages/StateFeature;
		};
		0F7FCB5C2D20A02500D07E8D /* XCLocalSwiftPackageReference "Packages/HomeUI" */ = {
			isa = XCLocalSwiftPackageReference;
			relativePath = Packages/HomeUI;
		};
/* End XCLocalSwiftPackageReference section */

/* Begin XCSwiftPackageProductDependency section */
		0F44D2F32D201B5E00698999 /* SubscriptionDomain */ = {
			isa = XCSwiftPackageProductDependency;
			productName = SubscriptionDomain;
		};
		0F44D2F52D201B5E00698999 /* SubscriptionFeature */ = {
			isa = XCSwiftPackageProductDependency;
			productName = SubscriptionFeature;
		};
		0F44D2F82D201B8100698999 /* SoundEffectFeature */ = {
			isa = XCSwiftPackageProductDependency;
			productName = SoundEffectFeature;
		};
		0F44D2FB2D201B8B00698999 /* SharedUI */ = {
			isa = XCSwiftPackageProductDependency;
			productName = SharedUI;
		};
		0F44D2FE2D201B9F00698999 /* REST */ = {
			isa = XCSwiftPackageProductDependency;
			productName = REST;
		};
		0F44D3012D201BA900698999 /* Logger */ = {
			isa = XCSwiftPackageProductDependency;
			productName = Logger;
		};
		0F44D3042D201BB100698999 /* Fundamentals */ = {
			isa = XCSwiftPackageProductDependency;
			productName = Fundamentals;
		};
		0F44D3072D201BC100698999 /* HapticFeedbackFeature */ = {
			isa = XCSwiftPackageProductDependency;
			productName = HapticFeedbackFeature;
		};
		0F44D30A2D201BDA00698999 /* Permission */ = {
			isa = XCSwiftPackageProductDependency;
			productName = Permission;
		};
		0F44D30D2D201C3400698999 /* AnalyticsDomain */ = {
			isa = XCSwiftPackageProductDependency;
			productName = AnalyticsDomain;
		};
		0F44D30F2D201C3400698999 /* AnalyticsFeature */ = {
			isa = XCSwiftPackageProductDependency;
			productName = AnalyticsFeature;
		};
		0F5C6FBB2D201CC1002EF106 /* AnalyticsDomain */ = {
			isa = XCSwiftPackageProductDependency;
			productName = AnalyticsDomain;
		};
		0F5C6FBD2D201CC1002EF106 /* AnalyticsFeature */ = {
			isa = XCSwiftPackageProductDependency;
			productName = AnalyticsFeature;
		};
		0F5C6FC02D201CC9002EF106 /* SubscriptionDomain */ = {
			isa = XCSwiftPackageProductDependency;
			productName = SubscriptionDomain;
		};
		0F5C6FC22D201CC9002EF106 /* SubscriptionFeature */ = {
			isa = XCSwiftPackageProductDependency;
			productName = SubscriptionFeature;
		};
		0F5C6FC52D201CD7002EF106 /* SoundEffectFeature */ = {
			isa = XCSwiftPackageProductDependency;
			productName = SoundEffectFeature;
		};
		0F5C6FC82D201CE0002EF106 /* SharedUI */ = {
			isa = XCSwiftPackageProductDependency;
			productName = SharedUI;
		};
		0F5C6FCB2D201CE9002EF106 /* REST */ = {
			isa = XCSwiftPackageProductDependency;
			productName = REST;
		};
		0F5C6FCE2D201CF3002EF106 /* Permission */ = {
			isa = XCSwiftPackageProductDependency;
			productName = Permission;
		};
		0F5C6FD12D201CFB002EF106 /* HapticFeedbackFeature */ = {
			isa = XCSwiftPackageProductDependency;
			productName = HapticFeedbackFeature;
		};
		0F5C6FD42D201D03002EF106 /* Fundamentals */ = {
			isa = XCSwiftPackageProductDependency;
			productName = Fundamentals;
		};
		0F5C6FD72D201D0C002EF106 /* Logger */ = {
			isa = XCSwiftPackageProductDependency;
			productName = Logger;
		};
		0F5C70532D2021BE002EF106 /* UINavigation */ = {
			isa = XCSwiftPackageProductDependency;
			productName = UINavigation;
		};
		0F5C705C2D202764002EF106 /* EraGuessShared */ = {
			isa = XCSwiftPackageProductDependency;
			productName = EraGuessShared;
		};
		0F5C70902D2067DC002EF106 /* OnboardingUI */ = {
			isa = XCSwiftPackageProductDependency;
			productName = OnboardingUI;
		};
		0F5C70942D2068BD002EF106 /* Models */ = {
			isa = XCSwiftPackageProductDependency;
			productName = Models;
		};
		0F5C70BE2D2076A0002EF106 /* StateFeature */ = {
			isa = XCSwiftPackageProductDependency;
			productName = StateFeature;
		};
		0F7FCB5D2D20A02500D07E8D /* HomeUI */ = {
			isa = XCSwiftPackageProductDependency;
			productName = HomeUI;
		};
/* End XCSwiftPackageProductDependency section */
	};
	rootObject = 0F44D2B42D200CC700698999 /* Project object */;
}
