{
  "originHash" : "ce57dd5367664878bbf7acd535544652eaef4357c0383602d0f59c44d673ee5a",
  "pins" : [
    {
      "identity" : "swift-log",
      "kind" : "remoteSourceControl",
      "location" : "https://github.com/apple/swift-log.git",
      "state" : {
        "revision" : "9cb486020ebf03bfa5b5df985387a14a98744537",
        "version" : "1.6.1"
      }
    },
    {
      "identity" : "swift-log-file",
      "kind" : "remoteSourceControl",
      "location" : "https://github.com/crspybits/swift-log-file",
      "state" : {
        "branch" : "main",
        "revision" : "0708d0d50934c55dfa046562fe2f15c318784265"
      }
    },
    {
      "identity" : "xcglogger",
      "kind" : "remoteSourceControl",
      "location" : "https://github.com/DaveWoodCom/XCGLogger.git",
      "state" : {
        "revision" : "4def3c1c772ca90ad5e7bfc8ac437c3b0b4276cf",
        "version" : "7.1.5"
      }
    }
  ],
  "version" : 3
}
